PODS:
  - IQKeyboardManager (6.5.5)
  - Masonry (1.1.0)

DEPENDENCIES:
  - IQKeyboardManager
  - Masonry

SPEC REPOS:
  https://github.com/CocoaPods/Specs.git:
    - IQKeyboardManager
    - Masonry

SPEC CHECKSUMS:
  IQKeyboardManager: 3a8b9e603f8b0eeaf5f096a1f2b2cfcf121992ef
  Masonry: 678fab65091a9290e40e2832a55e7ab731aad201

PODFILE CHECKSUM: 331f9d1c6a251d1c645acf78794eb297037d14eb

COCOAPODS: 1.7.4
