// !$*UTF8*$!
{
	archiveVersion = 1;
	classes = {
	};
	objectVersion = 50;
	objects = {

/* Begin PBXBuildFile section */
		2B038DB524D17BE70027D460 /* FHBuildingDetailShadowView.m in Sources */ = {isa = PBXBuildFile; fileRef = 2B038DB424D17BE70027D460 /* FHBuildingDetailShadowView.m */; };
		2B038DB824D17C2E0027D460 /* DetailCollectionViewLayout.m in Sources */ = {isa = PBXBuildFile; fileRef = 2B038DB724D17C2E0027D460 /* DetailCollectionViewLayout.m */; };
		2B038DBF24D2C7FF0027D460 /* DetailSectionTitleCollectionView.m in Sources */ = {isa = PBXBuildFile; fileRef = 2B038DBE24D2C7FF0027D460 /* DetailSectionTitleCollectionView.m */; };
		2B038DC224D2CB2D0027D460 /* DetailHeaderCollectionViewCell.m in Sources */ = {isa = PBXBuildFile; fileRef = 2B038DC124D2CB2D0027D460 /* DetailHeaderCollectionViewCell.m */; };
		2B0592C92481445E006F0B3D /* AppDelegate.m in Sources */ = {isa = PBXBuildFile; fileRef = 2B0592C82481445E006F0B3D /* AppDelegate.m */; };
		2B0592CF2481445E006F0B3D /* ViewController.m in Sources */ = {isa = PBXBuildFile; fileRef = 2B0592CE2481445E006F0B3D /* ViewController.m */; };
		2B0592D424814462006F0B3D /* Assets.xcassets in Resources */ = {isa = PBXBuildFile; fileRef = 2B0592D324814462006F0B3D /* Assets.xcassets */; };
		2B0592D724814462006F0B3D /* LaunchScreen.storyboard in Resources */ = {isa = PBXBuildFile; fileRef = 2B0592D524814462006F0B3D /* LaunchScreen.storyboard */; };
		2B0592DA24814462006F0B3D /* main.m in Sources */ = {isa = PBXBuildFile; fileRef = 2B0592D924814462006F0B3D /* main.m */; };
		2B0592E22484ED37006F0B3D /* NotificationViewController.m in Sources */ = {isa = PBXBuildFile; fileRef = 2B0592E12484ED37006F0B3D /* NotificationViewController.m */; };
		2B0592E52484F928006F0B3D /* BTDWeakProxy.m in Sources */ = {isa = PBXBuildFile; fileRef = 2B0592E42484F928006F0B3D /* BTDWeakProxy.m */; };
		2B1460E025BEAD0B0083817A /* WKWebViewController.m in Sources */ = {isa = PBXBuildFile; fileRef = 2B1460DF25BEAD0B0083817A /* WKWebViewController.m */; };
		2B34C616249CE483006B921B /* StackViewController.m in Sources */ = {isa = PBXBuildFile; fileRef = 2B34C614249CE483006B921B /* StackViewController.m */; };
		2B34C617249CE483006B921B /* StackViewController.xib in Resources */ = {isa = PBXBuildFile; fileRef = 2B34C615249CE483006B921B /* StackViewController.xib */; };
		2B34C61A249CE5BC006B921B /* CoreInfoViewController.m in Sources */ = {isa = PBXBuildFile; fileRef = 2B34C619249CE5BC006B921B /* CoreInfoViewController.m */; };
		2B34C61D249CE5DB006B921B /* LeftAlignedCollectionViewFlowLayout.m in Sources */ = {isa = PBXBuildFile; fileRef = 2B34C61C249CE5DB006B921B /* LeftAlignedCollectionViewFlowLayout.m */; };
		2B34C620249CE605006B921B /* CoreInfoCollectionViewCell.m in Sources */ = {isa = PBXBuildFile; fileRef = 2B34C61F249CE604006B921B /* CoreInfoCollectionViewCell.m */; };
		2B34C623249CF3FB006B921B /* CoreInfoModel.m in Sources */ = {isa = PBXBuildFile; fileRef = 2B34C622249CF3FB006B921B /* CoreInfoModel.m */; };
		2B34C626249F91A1006B921B /* DetailViewController.m in Sources */ = {isa = PBXBuildFile; fileRef = 2B34C625249F91A1006B921B /* DetailViewController.m */; };
		2B34C629249F91AF006B921B /* DetailCollectionViewCell.m in Sources */ = {isa = PBXBuildFile; fileRef = 2B34C628249F91AF006B921B /* DetailCollectionViewCell.m */; };
		2B832F3B24C54310008FD142 /* libz.tbd in Frameworks */ = {isa = PBXBuildFile; fileRef = 2B832F3A24C54310008FD142 /* libz.tbd */; };
		2B832F3D24C54317008FD142 /* libc++.tbd in Frameworks */ = {isa = PBXBuildFile; fileRef = 2B832F3C24C54316008FD142 /* libc++.tbd */; };
		2B832F3F24C54324008FD142 /* libsqlite3.0.tbd in Frameworks */ = {isa = PBXBuildFile; fileRef = 2B832F3E24C54324008FD142 /* libsqlite3.0.tbd */; };
		2B832F4124C5432E008FD142 /* CoreGraphics.framework in Frameworks */ = {isa = PBXBuildFile; fileRef = 2B832F4024C5432E008FD142 /* CoreGraphics.framework */; };
		2BF8DD6224BCAF6700F1490C /* PanoramaViewController.m in Sources */ = {isa = PBXBuildFile; fileRef = 2BF8DD6124BCAF6700F1490C /* PanoramaViewController.m */; };
		2BF8DD6724BEFA4F00F1490C /* WASegmentedScrollContentView.m in Sources */ = {isa = PBXBuildFile; fileRef = 2BF8DD6324BEFA4F00F1490C /* WASegmentedScrollContentView.m */; };
		2BF8DD6824BEFA4F00F1490C /* WASegmentedScrollViewController.m in Sources */ = {isa = PBXBuildFile; fileRef = 2BF8DD6624BEFA4F00F1490C /* WASegmentedScrollViewController.m */; };
		2BF8DD6B24BEFDE400F1490C /* WASegmentedController.m in Sources */ = {isa = PBXBuildFile; fileRef = 2BF8DD6924BEFDE400F1490C /* WASegmentedController.m */; };
		D3C87F2C25A35503009B7E05 /* NavigationController.m in Sources */ = {isa = PBXBuildFile; fileRef = D3C87F2B25A35503009B7E05 /* NavigationController.m */; };
		F305E61417E3A3CE2EAA02EF /* libPods-CollectionViewDemo.a in Frameworks */ = {isa = PBXBuildFile; fileRef = 8A243CE137AE9E529DD0FC6F /* libPods-CollectionViewDemo.a */; };
/* End PBXBuildFile section */

/* Begin PBXFileReference section */
		2B038DB324D17BE70027D460 /* FHBuildingDetailShadowView.h */ = {isa = PBXFileReference; lastKnownFileType = sourcecode.c.h; path = FHBuildingDetailShadowView.h; sourceTree = "<group>"; };
		2B038DB424D17BE70027D460 /* FHBuildingDetailShadowView.m */ = {isa = PBXFileReference; lastKnownFileType = sourcecode.c.objc; path = FHBuildingDetailShadowView.m; sourceTree = "<group>"; };
		2B038DB624D17C2E0027D460 /* DetailCollectionViewLayout.h */ = {isa = PBXFileReference; lastKnownFileType = sourcecode.c.h; path = DetailCollectionViewLayout.h; sourceTree = "<group>"; };
		2B038DB724D17C2E0027D460 /* DetailCollectionViewLayout.m */ = {isa = PBXFileReference; lastKnownFileType = sourcecode.c.objc; path = DetailCollectionViewLayout.m; sourceTree = "<group>"; };
		2B038DBD24D2C7FF0027D460 /* DetailSectionTitleCollectionView.h */ = {isa = PBXFileReference; lastKnownFileType = sourcecode.c.h; path = DetailSectionTitleCollectionView.h; sourceTree = "<group>"; };
		2B038DBE24D2C7FF0027D460 /* DetailSectionTitleCollectionView.m */ = {isa = PBXFileReference; lastKnownFileType = sourcecode.c.objc; path = DetailSectionTitleCollectionView.m; sourceTree = "<group>"; };
		2B038DC024D2CB2D0027D460 /* DetailHeaderCollectionViewCell.h */ = {isa = PBXFileReference; lastKnownFileType = sourcecode.c.h; path = DetailHeaderCollectionViewCell.h; sourceTree = "<group>"; };
		2B038DC124D2CB2D0027D460 /* DetailHeaderCollectionViewCell.m */ = {isa = PBXFileReference; lastKnownFileType = sourcecode.c.objc; path = DetailHeaderCollectionViewCell.m; sourceTree = "<group>"; };
		2B0592C42481445E006F0B3D /* CollectionViewDemo.app */ = {isa = PBXFileReference; explicitFileType = wrapper.application; includeInIndex = 0; path = CollectionViewDemo.app; sourceTree = BUILT_PRODUCTS_DIR; };
		2B0592C72481445E006F0B3D /* AppDelegate.h */ = {isa = PBXFileReference; lastKnownFileType = sourcecode.c.h; path = AppDelegate.h; sourceTree = "<group>"; };
		2B0592C82481445E006F0B3D /* AppDelegate.m */ = {isa = PBXFileReference; lastKnownFileType = sourcecode.c.objc; path = AppDelegate.m; sourceTree = "<group>"; };
		2B0592CD2481445E006F0B3D /* ViewController.h */ = {isa = PBXFileReference; lastKnownFileType = sourcecode.c.h; path = ViewController.h; sourceTree = "<group>"; };
		2B0592CE2481445E006F0B3D /* ViewController.m */ = {isa = PBXFileReference; lastKnownFileType = sourcecode.c.objc; path = ViewController.m; sourceTree = "<group>"; };
		2B0592D324814462006F0B3D /* Assets.xcassets */ = {isa = PBXFileReference; lastKnownFileType = folder.assetcatalog; path = Assets.xcassets; sourceTree = "<group>"; };
		2B0592D624814462006F0B3D /* Base */ = {isa = PBXFileReference; lastKnownFileType = file.storyboard; name = Base; path = Base.lproj/LaunchScreen.storyboard; sourceTree = "<group>"; };
		2B0592D824814462006F0B3D /* Info.plist */ = {isa = PBXFileReference; lastKnownFileType = text.plist.xml; path = Info.plist; sourceTree = "<group>"; };
		2B0592D924814462006F0B3D /* main.m */ = {isa = PBXFileReference; lastKnownFileType = sourcecode.c.objc; path = main.m; sourceTree = "<group>"; };
		2B0592E02484ED37006F0B3D /* NotificationViewController.h */ = {isa = PBXFileReference; lastKnownFileType = sourcecode.c.h; path = NotificationViewController.h; sourceTree = "<group>"; };
		2B0592E12484ED37006F0B3D /* NotificationViewController.m */ = {isa = PBXFileReference; lastKnownFileType = sourcecode.c.objc; path = NotificationViewController.m; sourceTree = "<group>"; };
		2B0592E32484F928006F0B3D /* BTDWeakProxy.h */ = {isa = PBXFileReference; fileEncoding = 4; lastKnownFileType = sourcecode.c.h; path = BTDWeakProxy.h; sourceTree = "<group>"; };
		2B0592E42484F928006F0B3D /* BTDWeakProxy.m */ = {isa = PBXFileReference; fileEncoding = 4; lastKnownFileType = sourcecode.c.objc; path = BTDWeakProxy.m; sourceTree = "<group>"; };
		2B1460DE25BEAD0B0083817A /* WKWebViewController.h */ = {isa = PBXFileReference; lastKnownFileType = sourcecode.c.h; path = WKWebViewController.h; sourceTree = "<group>"; };
		2B1460DF25BEAD0B0083817A /* WKWebViewController.m */ = {isa = PBXFileReference; lastKnownFileType = sourcecode.c.objc; path = WKWebViewController.m; sourceTree = "<group>"; };
		2B1A0B9024C0A3CA009D40FF /* F100BaiduMapKit.framework */ = {isa = PBXFileReference; lastKnownFileType = wrapper.framework; path = F100BaiduMapKit.framework; sourceTree = "<group>"; };
		2B34C613249CE483006B921B /* StackViewController.h */ = {isa = PBXFileReference; lastKnownFileType = sourcecode.c.h; path = StackViewController.h; sourceTree = "<group>"; };
		2B34C614249CE483006B921B /* StackViewController.m */ = {isa = PBXFileReference; lastKnownFileType = sourcecode.c.objc; path = StackViewController.m; sourceTree = "<group>"; };
		2B34C615249CE483006B921B /* StackViewController.xib */ = {isa = PBXFileReference; lastKnownFileType = file.xib; path = StackViewController.xib; sourceTree = "<group>"; };
		2B34C618249CE5BC006B921B /* CoreInfoViewController.h */ = {isa = PBXFileReference; lastKnownFileType = sourcecode.c.h; path = CoreInfoViewController.h; sourceTree = "<group>"; };
		2B34C619249CE5BC006B921B /* CoreInfoViewController.m */ = {isa = PBXFileReference; lastKnownFileType = sourcecode.c.objc; path = CoreInfoViewController.m; sourceTree = "<group>"; };
		2B34C61B249CE5DB006B921B /* LeftAlignedCollectionViewFlowLayout.h */ = {isa = PBXFileReference; lastKnownFileType = sourcecode.c.h; path = LeftAlignedCollectionViewFlowLayout.h; sourceTree = "<group>"; };
		2B34C61C249CE5DB006B921B /* LeftAlignedCollectionViewFlowLayout.m */ = {isa = PBXFileReference; lastKnownFileType = sourcecode.c.objc; path = LeftAlignedCollectionViewFlowLayout.m; sourceTree = "<group>"; };
		2B34C61E249CE604006B921B /* CoreInfoCollectionViewCell.h */ = {isa = PBXFileReference; lastKnownFileType = sourcecode.c.h; path = CoreInfoCollectionViewCell.h; sourceTree = "<group>"; };
		2B34C61F249CE604006B921B /* CoreInfoCollectionViewCell.m */ = {isa = PBXFileReference; lastKnownFileType = sourcecode.c.objc; path = CoreInfoCollectionViewCell.m; sourceTree = "<group>"; };
		2B34C621249CF3FB006B921B /* CoreInfoModel.h */ = {isa = PBXFileReference; lastKnownFileType = sourcecode.c.h; path = CoreInfoModel.h; sourceTree = "<group>"; };
		2B34C622249CF3FB006B921B /* CoreInfoModel.m */ = {isa = PBXFileReference; lastKnownFileType = sourcecode.c.objc; path = CoreInfoModel.m; sourceTree = "<group>"; };
		2B34C624249F91A1006B921B /* DetailViewController.h */ = {isa = PBXFileReference; lastKnownFileType = sourcecode.c.h; path = DetailViewController.h; sourceTree = "<group>"; };
		2B34C625249F91A1006B921B /* DetailViewController.m */ = {isa = PBXFileReference; lastKnownFileType = sourcecode.c.objc; path = DetailViewController.m; sourceTree = "<group>"; };
		2B34C627249F91AF006B921B /* DetailCollectionViewCell.h */ = {isa = PBXFileReference; lastKnownFileType = sourcecode.c.h; path = DetailCollectionViewCell.h; sourceTree = "<group>"; };
		2B34C628249F91AF006B921B /* DetailCollectionViewCell.m */ = {isa = PBXFileReference; lastKnownFileType = sourcecode.c.objc; path = DetailCollectionViewCell.m; sourceTree = "<group>"; };
		2B832F3A24C54310008FD142 /* libz.tbd */ = {isa = PBXFileReference; lastKnownFileType = "sourcecode.text-based-dylib-definition"; name = libz.tbd; path = usr/lib/libz.tbd; sourceTree = SDKROOT; };
		2B832F3C24C54316008FD142 /* libc++.tbd */ = {isa = PBXFileReference; lastKnownFileType = "sourcecode.text-based-dylib-definition"; name = "libc++.tbd"; path = "usr/lib/libc++.tbd"; sourceTree = SDKROOT; };
		2B832F3E24C54324008FD142 /* libsqlite3.0.tbd */ = {isa = PBXFileReference; lastKnownFileType = "sourcecode.text-based-dylib-definition"; name = libsqlite3.0.tbd; path = usr/lib/libsqlite3.0.tbd; sourceTree = SDKROOT; };
		2B832F4024C5432E008FD142 /* CoreGraphics.framework */ = {isa = PBXFileReference; lastKnownFileType = wrapper.framework; name = CoreGraphics.framework; path = System/Library/Frameworks/CoreGraphics.framework; sourceTree = SDKROOT; };
		2BF8DD6024BCAF6700F1490C /* PanoramaViewController.h */ = {isa = PBXFileReference; lastKnownFileType = sourcecode.c.h; path = PanoramaViewController.h; sourceTree = "<group>"; };
		2BF8DD6124BCAF6700F1490C /* PanoramaViewController.m */ = {isa = PBXFileReference; lastKnownFileType = sourcecode.c.objc; path = PanoramaViewController.m; sourceTree = "<group>"; };
		2BF8DD6324BEFA4F00F1490C /* WASegmentedScrollContentView.m */ = {isa = PBXFileReference; fileEncoding = 4; lastKnownFileType = sourcecode.c.objc; path = WASegmentedScrollContentView.m; sourceTree = "<group>"; };
		2BF8DD6424BEFA4F00F1490C /* WASegmentedScrollContentView.h */ = {isa = PBXFileReference; fileEncoding = 4; lastKnownFileType = sourcecode.c.h; path = WASegmentedScrollContentView.h; sourceTree = "<group>"; };
		2BF8DD6524BEFA4F00F1490C /* WASegmentedScrollViewController.h */ = {isa = PBXFileReference; fileEncoding = 4; lastKnownFileType = sourcecode.c.h; path = WASegmentedScrollViewController.h; sourceTree = "<group>"; };
		2BF8DD6624BEFA4F00F1490C /* WASegmentedScrollViewController.m */ = {isa = PBXFileReference; fileEncoding = 4; lastKnownFileType = sourcecode.c.objc; path = WASegmentedScrollViewController.m; sourceTree = "<group>"; };
		2BF8DD6924BEFDE400F1490C /* WASegmentedController.m */ = {isa = PBXFileReference; fileEncoding = 4; lastKnownFileType = sourcecode.c.objc; path = WASegmentedController.m; sourceTree = "<group>"; };
		2BF8DD6A24BEFDE400F1490C /* WASegmentedController.h */ = {isa = PBXFileReference; fileEncoding = 4; lastKnownFileType = sourcecode.c.h; path = WASegmentedController.h; sourceTree = "<group>"; };
		6F7E438E7A9C82276CBD6A51 /* Pods-CollectionViewDemo.debug.xcconfig */ = {isa = PBXFileReference; includeInIndex = 1; lastKnownFileType = text.xcconfig; name = "Pods-CollectionViewDemo.debug.xcconfig"; path = "Target Support Files/Pods-CollectionViewDemo/Pods-CollectionViewDemo.debug.xcconfig"; sourceTree = "<group>"; };
		8A243CE137AE9E529DD0FC6F /* libPods-CollectionViewDemo.a */ = {isa = PBXFileReference; explicitFileType = archive.ar; includeInIndex = 0; path = "libPods-CollectionViewDemo.a"; sourceTree = BUILT_PRODUCTS_DIR; };
		9745E688CDA27F5166F8671C /* Pods-CollectionViewDemo.release.xcconfig */ = {isa = PBXFileReference; includeInIndex = 1; lastKnownFileType = text.xcconfig; name = "Pods-CollectionViewDemo.release.xcconfig"; path = "Target Support Files/Pods-CollectionViewDemo/Pods-CollectionViewDemo.release.xcconfig"; sourceTree = "<group>"; };
		D3C87F2A25A35503009B7E05 /* NavigationController.h */ = {isa = PBXFileReference; lastKnownFileType = sourcecode.c.h; path = NavigationController.h; sourceTree = "<group>"; };
		D3C87F2B25A35503009B7E05 /* NavigationController.m */ = {isa = PBXFileReference; lastKnownFileType = sourcecode.c.objc; path = NavigationController.m; sourceTree = "<group>"; };
/* End PBXFileReference section */

/* Begin PBXFrameworksBuildPhase section */
		2B0592C12481445E006F0B3D /* Frameworks */ = {
			isa = PBXFrameworksBuildPhase;
			buildActionMask = 2147483647;
			files = (
				2B832F4124C5432E008FD142 /* CoreGraphics.framework in Frameworks */,
				2B832F3F24C54324008FD142 /* libsqlite3.0.tbd in Frameworks */,
				2B832F3D24C54317008FD142 /* libc++.tbd in Frameworks */,
				2B832F3B24C54310008FD142 /* libz.tbd in Frameworks */,
				F305E61417E3A3CE2EAA02EF /* libPods-CollectionViewDemo.a in Frameworks */,
			);
			runOnlyForDeploymentPostprocessing = 0;
		};
/* End PBXFrameworksBuildPhase section */

/* Begin PBXGroup section */
		2B0592BB2481445E006F0B3D = {
			isa = PBXGroup;
			children = (
				2B0592C62481445E006F0B3D /* CollectionViewDemo */,
				2B0592C52481445E006F0B3D /* Products */,
				FD83E4268327C24021BDA802 /* Pods */,
				F7AB482818979AEFCF1EF991 /* Frameworks */,
			);
			sourceTree = "<group>";
		};
		2B0592C52481445E006F0B3D /* Products */ = {
			isa = PBXGroup;
			children = (
				2B0592C42481445E006F0B3D /* CollectionViewDemo.app */,
			);
			name = Products;
			sourceTree = "<group>";
		};
		2B0592C62481445E006F0B3D /* CollectionViewDemo */ = {
			isa = PBXGroup;
			children = (
				2B0592C72481445E006F0B3D /* AppDelegate.h */,
				2B0592C82481445E006F0B3D /* AppDelegate.m */,
				D3C87F2A25A35503009B7E05 /* NavigationController.h */,
				D3C87F2B25A35503009B7E05 /* NavigationController.m */,
				2B0592CD2481445E006F0B3D /* ViewController.h */,
				2B0592CE2481445E006F0B3D /* ViewController.m */,
				2B34C613249CE483006B921B /* StackViewController.h */,
				2B34C614249CE483006B921B /* StackViewController.m */,
				2B34C615249CE483006B921B /* StackViewController.xib */,
				2B34C618249CE5BC006B921B /* CoreInfoViewController.h */,
				2B34C619249CE5BC006B921B /* CoreInfoViewController.m */,
				2B34C621249CF3FB006B921B /* CoreInfoModel.h */,
				2B34C622249CF3FB006B921B /* CoreInfoModel.m */,
				2B34C61E249CE604006B921B /* CoreInfoCollectionViewCell.h */,
				2B34C61F249CE604006B921B /* CoreInfoCollectionViewCell.m */,
				2B34C61B249CE5DB006B921B /* LeftAlignedCollectionViewFlowLayout.h */,
				2B34C61C249CE5DB006B921B /* LeftAlignedCollectionViewFlowLayout.m */,
				2B0592E02484ED37006F0B3D /* NotificationViewController.h */,
				2B0592E12484ED37006F0B3D /* NotificationViewController.m */,
				2B0592E32484F928006F0B3D /* BTDWeakProxy.h */,
				2B0592E42484F928006F0B3D /* BTDWeakProxy.m */,
				2B34C624249F91A1006B921B /* DetailViewController.h */,
				2B34C625249F91A1006B921B /* DetailViewController.m */,
				2B038DC024D2CB2D0027D460 /* DetailHeaderCollectionViewCell.h */,
				2B038DC124D2CB2D0027D460 /* DetailHeaderCollectionViewCell.m */,
				2B038DB624D17C2E0027D460 /* DetailCollectionViewLayout.h */,
				2B038DB724D17C2E0027D460 /* DetailCollectionViewLayout.m */,
				2B038DBD24D2C7FF0027D460 /* DetailSectionTitleCollectionView.h */,
				2B038DBE24D2C7FF0027D460 /* DetailSectionTitleCollectionView.m */,
				2B34C627249F91AF006B921B /* DetailCollectionViewCell.h */,
				2B34C628249F91AF006B921B /* DetailCollectionViewCell.m */,
				2B038DB324D17BE70027D460 /* FHBuildingDetailShadowView.h */,
				2B038DB424D17BE70027D460 /* FHBuildingDetailShadowView.m */,
				2BF8DD6024BCAF6700F1490C /* PanoramaViewController.h */,
				2BF8DD6124BCAF6700F1490C /* PanoramaViewController.m */,
				2B1460DE25BEAD0B0083817A /* WKWebViewController.h */,
				2B1460DF25BEAD0B0083817A /* WKWebViewController.m */,
				2BF8DD6A24BEFDE400F1490C /* WASegmentedController.h */,
				2BF8DD6924BEFDE400F1490C /* WASegmentedController.m */,
				2BF8DD6424BEFA4F00F1490C /* WASegmentedScrollContentView.h */,
				2BF8DD6324BEFA4F00F1490C /* WASegmentedScrollContentView.m */,
				2BF8DD6524BEFA4F00F1490C /* WASegmentedScrollViewController.h */,
				2BF8DD6624BEFA4F00F1490C /* WASegmentedScrollViewController.m */,
				2B0592D324814462006F0B3D /* Assets.xcassets */,
				2B0592D524814462006F0B3D /* LaunchScreen.storyboard */,
				2B0592D824814462006F0B3D /* Info.plist */,
				2B0592D924814462006F0B3D /* main.m */,
			);
			path = CollectionViewDemo;
			sourceTree = "<group>";
		};
		F7AB482818979AEFCF1EF991 /* Frameworks */ = {
			isa = PBXGroup;
			children = (
				2B832F4024C5432E008FD142 /* CoreGraphics.framework */,
				2B832F3E24C54324008FD142 /* libsqlite3.0.tbd */,
				2B832F3C24C54316008FD142 /* libc++.tbd */,
				2B832F3A24C54310008FD142 /* libz.tbd */,
				2B1A0B9024C0A3CA009D40FF /* F100BaiduMapKit.framework */,
				8A243CE137AE9E529DD0FC6F /* libPods-CollectionViewDemo.a */,
			);
			name = Frameworks;
			sourceTree = "<group>";
		};
		FD83E4268327C24021BDA802 /* Pods */ = {
			isa = PBXGroup;
			children = (
				6F7E438E7A9C82276CBD6A51 /* Pods-CollectionViewDemo.debug.xcconfig */,
				9745E688CDA27F5166F8671C /* Pods-CollectionViewDemo.release.xcconfig */,
			);
			path = Pods;
			sourceTree = "<group>";
		};
/* End PBXGroup section */

/* Begin PBXNativeTarget section */
		2B0592C32481445E006F0B3D /* CollectionViewDemo */ = {
			isa = PBXNativeTarget;
			buildConfigurationList = 2B0592DD24814462006F0B3D /* Build configuration list for PBXNativeTarget "CollectionViewDemo" */;
			buildPhases = (
				B11C0FF33D054788F924C1EC /* [CP] Check Pods Manifest.lock */,
				2B0592C02481445E006F0B3D /* Sources */,
				2B0592C12481445E006F0B3D /* Frameworks */,
				2B0592C22481445E006F0B3D /* Resources */,
			);
			buildRules = (
			);
			dependencies = (
			);
			name = CollectionViewDemo;
			productName = CollectionViewDemo;
			productReference = 2B0592C42481445E006F0B3D /* CollectionViewDemo.app */;
			productType = "com.apple.product-type.application";
		};
/* End PBXNativeTarget section */

/* Begin PBXProject section */
		2B0592BC2481445E006F0B3D /* Project object */ = {
			isa = PBXProject;
			attributes = {
				LastUpgradeCheck = 1150;
				ORGANIZATIONNAME = bytedance;
				TargetAttributes = {
					2B0592C32481445E006F0B3D = {
						CreatedOnToolsVersion = 11.5;
					};
				};
			};
			buildConfigurationList = 2B0592BF2481445E006F0B3D /* Build configuration list for PBXProject "CollectionViewDemo" */;
			compatibilityVersion = "Xcode 9.3";
			developmentRegion = en;
			hasScannedForEncodings = 0;
			knownRegions = (
				en,
				Base,
			);
			mainGroup = 2B0592BB2481445E006F0B3D;
			productRefGroup = 2B0592C52481445E006F0B3D /* Products */;
			projectDirPath = "";
			projectRoot = "";
			targets = (
				2B0592C32481445E006F0B3D /* CollectionViewDemo */,
			);
		};
/* End PBXProject section */

/* Begin PBXResourcesBuildPhase section */
		2B0592C22481445E006F0B3D /* Resources */ = {
			isa = PBXResourcesBuildPhase;
			buildActionMask = 2147483647;
			files = (
				2B0592D724814462006F0B3D /* LaunchScreen.storyboard in Resources */,
				2B34C617249CE483006B921B /* StackViewController.xib in Resources */,
				2B0592D424814462006F0B3D /* Assets.xcassets in Resources */,
			);
			runOnlyForDeploymentPostprocessing = 0;
		};
/* End PBXResourcesBuildPhase section */

/* Begin PBXShellScriptBuildPhase section */
		B11C0FF33D054788F924C1EC /* [CP] Check Pods Manifest.lock */ = {
			isa = PBXShellScriptBuildPhase;
			buildActionMask = 2147483647;
			files = (
			);
			inputFileListPaths = (
			);
			inputPaths = (
				"${PODS_PODFILE_DIR_PATH}/Podfile.lock",
				"${PODS_ROOT}/Manifest.lock",
			);
			name = "[CP] Check Pods Manifest.lock";
			outputFileListPaths = (
			);
			outputPaths = (
				"$(DERIVED_FILE_DIR)/Pods-CollectionViewDemo-checkManifestLockResult.txt",
			);
			runOnlyForDeploymentPostprocessing = 0;
			shellPath = /bin/sh;
			shellScript = "diff \"${PODS_PODFILE_DIR_PATH}/Podfile.lock\" \"${PODS_ROOT}/Manifest.lock\" > /dev/null\nif [ $? != 0 ] ; then\n    # print error to STDERR\n    echo \"error: The sandbox is not in sync with the Podfile.lock. Run 'pod install' or update your CocoaPods installation.\" >&2\n    exit 1\nfi\n# This output is used by Xcode 'outputs' to avoid re-running this script phase.\necho \"SUCCESS\" > \"${SCRIPT_OUTPUT_FILE_0}\"\n";
			showEnvVarsInLog = 0;
		};
/* End PBXShellScriptBuildPhase section */

/* Begin PBXSourcesBuildPhase section */
		2B0592C02481445E006F0B3D /* Sources */ = {
			isa = PBXSourcesBuildPhase;
			buildActionMask = 2147483647;
			files = (
				2BF8DD6724BEFA4F00F1490C /* WASegmentedScrollContentView.m in Sources */,
				2B0592CF2481445E006F0B3D /* ViewController.m in Sources */,
				2B0592C92481445E006F0B3D /* AppDelegate.m in Sources */,
				2B038DB524D17BE70027D460 /* FHBuildingDetailShadowView.m in Sources */,
				2BF8DD6B24BEFDE400F1490C /* WASegmentedController.m in Sources */,
				2B1460E025BEAD0B0083817A /* WKWebViewController.m in Sources */,
				2B34C616249CE483006B921B /* StackViewController.m in Sources */,
				D3C87F2C25A35503009B7E05 /* NavigationController.m in Sources */,
				2B34C623249CF3FB006B921B /* CoreInfoModel.m in Sources */,
				2B038DB824D17C2E0027D460 /* DetailCollectionViewLayout.m in Sources */,
				2B34C620249CE605006B921B /* CoreInfoCollectionViewCell.m in Sources */,
				2B0592DA24814462006F0B3D /* main.m in Sources */,
				2B038DC224D2CB2D0027D460 /* DetailHeaderCollectionViewCell.m in Sources */,
				2B038DBF24D2C7FF0027D460 /* DetailSectionTitleCollectionView.m in Sources */,
				2B0592E52484F928006F0B3D /* BTDWeakProxy.m in Sources */,
				2B34C61D249CE5DB006B921B /* LeftAlignedCollectionViewFlowLayout.m in Sources */,
				2B0592E22484ED37006F0B3D /* NotificationViewController.m in Sources */,
				2BF8DD6824BEFA4F00F1490C /* WASegmentedScrollViewController.m in Sources */,
				2BF8DD6224BCAF6700F1490C /* PanoramaViewController.m in Sources */,
				2B34C629249F91AF006B921B /* DetailCollectionViewCell.m in Sources */,
				2B34C61A249CE5BC006B921B /* CoreInfoViewController.m in Sources */,
				2B34C626249F91A1006B921B /* DetailViewController.m in Sources */,
			);
			runOnlyForDeploymentPostprocessing = 0;
		};
/* End PBXSourcesBuildPhase section */

/* Begin PBXVariantGroup section */
		2B0592D524814462006F0B3D /* LaunchScreen.storyboard */ = {
			isa = PBXVariantGroup;
			children = (
				2B0592D624814462006F0B3D /* Base */,
			);
			name = LaunchScreen.storyboard;
			sourceTree = "<group>";
		};
/* End PBXVariantGroup section */

/* Begin XCBuildConfiguration section */
		2B0592DB24814462006F0B3D /* Debug */ = {
			isa = XCBuildConfiguration;
			buildSettings = {
				ALWAYS_SEARCH_USER_PATHS = NO;
				CLANG_ANALYZER_NONNULL = YES;
				CLANG_ANALYZER_NUMBER_OBJECT_CONVERSION = YES_AGGRESSIVE;
				CLANG_CXX_LANGUAGE_STANDARD = "gnu++14";
				CLANG_CXX_LIBRARY = "libc++";
				CLANG_ENABLE_MODULES = YES;
				CLANG_ENABLE_OBJC_ARC = YES;
				CLANG_ENABLE_OBJC_WEAK = YES;
				CLANG_WARN_BLOCK_CAPTURE_AUTORELEASING = YES;
				CLANG_WARN_BOOL_CONVERSION = YES;
				CLANG_WARN_COMMA = YES;
				CLANG_WARN_CONSTANT_CONVERSION = YES;
				CLANG_WARN_DEPRECATED_OBJC_IMPLEMENTATIONS = YES;
				CLANG_WARN_DIRECT_OBJC_ISA_USAGE = YES_ERROR;
				CLANG_WARN_DOCUMENTATION_COMMENTS = YES;
				CLANG_WARN_EMPTY_BODY = YES;
				CLANG_WARN_ENUM_CONVERSION = YES;
				CLANG_WARN_INFINITE_RECURSION = YES;
				CLANG_WARN_INT_CONVERSION = YES;
				CLANG_WARN_NON_LITERAL_NULL_CONVERSION = YES;
				CLANG_WARN_OBJC_IMPLICIT_RETAIN_SELF = YES;
				CLANG_WARN_OBJC_LITERAL_CONVERSION = YES;
				CLANG_WARN_OBJC_ROOT_CLASS = YES_ERROR;
				CLANG_WARN_RANGE_LOOP_ANALYSIS = YES;
				CLANG_WARN_STRICT_PROTOTYPES = YES;
				CLANG_WARN_SUSPICIOUS_MOVE = YES;
				CLANG_WARN_UNGUARDED_AVAILABILITY = YES_AGGRESSIVE;
				CLANG_WARN_UNREACHABLE_CODE = YES;
				CLANG_WARN__DUPLICATE_METHOD_MATCH = YES;
				COPY_PHASE_STRIP = NO;
				DEBUG_INFORMATION_FORMAT = dwarf;
				ENABLE_STRICT_OBJC_MSGSEND = YES;
				ENABLE_TESTABILITY = YES;
				GCC_C_LANGUAGE_STANDARD = gnu11;
				GCC_DYNAMIC_NO_PIC = NO;
				GCC_NO_COMMON_BLOCKS = YES;
				GCC_OPTIMIZATION_LEVEL = 0;
				GCC_PREPROCESSOR_DEFINITIONS = (
					"DEBUG=1",
					"$(inherited)",
				);
				GCC_WARN_64_TO_32_BIT_CONVERSION = YES;
				GCC_WARN_ABOUT_RETURN_TYPE = YES_ERROR;
				GCC_WARN_UNDECLARED_SELECTOR = YES;
				GCC_WARN_UNINITIALIZED_AUTOS = YES_AGGRESSIVE;
				GCC_WARN_UNUSED_FUNCTION = YES;
				GCC_WARN_UNUSED_VARIABLE = YES;
				IPHONEOS_DEPLOYMENT_TARGET = 13.5;
				MTL_ENABLE_DEBUG_INFO = INCLUDE_SOURCE;
				MTL_FAST_MATH = YES;
				ONLY_ACTIVE_ARCH = YES;
				SDKROOT = iphoneos;
			};
			name = Debug;
		};
		2B0592DC24814462006F0B3D /* Release */ = {
			isa = XCBuildConfiguration;
			buildSettings = {
				ALWAYS_SEARCH_USER_PATHS = NO;
				CLANG_ANALYZER_NONNULL = YES;
				CLANG_ANALYZER_NUMBER_OBJECT_CONVERSION = YES_AGGRESSIVE;
				CLANG_CXX_LANGUAGE_STANDARD = "gnu++14";
				CLANG_CXX_LIBRARY = "libc++";
				CLANG_ENABLE_MODULES = YES;
				CLANG_ENABLE_OBJC_ARC = YES;
				CLANG_ENABLE_OBJC_WEAK = YES;
				CLANG_WARN_BLOCK_CAPTURE_AUTORELEASING = YES;
				CLANG_WARN_BOOL_CONVERSION = YES;
				CLANG_WARN_COMMA = YES;
				CLANG_WARN_CONSTANT_CONVERSION = YES;
				CLANG_WARN_DEPRECATED_OBJC_IMPLEMENTATIONS = YES;
				CLANG_WARN_DIRECT_OBJC_ISA_USAGE = YES_ERROR;
				CLANG_WARN_DOCUMENTATION_COMMENTS = YES;
				CLANG_WARN_EMPTY_BODY = YES;
				CLANG_WARN_ENUM_CONVERSION = YES;
				CLANG_WARN_INFINITE_RECURSION = YES;
				CLANG_WARN_INT_CONVERSION = YES;
				CLANG_WARN_NON_LITERAL_NULL_CONVERSION = YES;
				CLANG_WARN_OBJC_IMPLICIT_RETAIN_SELF = YES;
				CLANG_WARN_OBJC_LITERAL_CONVERSION = YES;
				CLANG_WARN_OBJC_ROOT_CLASS = YES_ERROR;
				CLANG_WARN_RANGE_LOOP_ANALYSIS = YES;
				CLANG_WARN_STRICT_PROTOTYPES = YES;
				CLANG_WARN_SUSPICIOUS_MOVE = YES;
				CLANG_WARN_UNGUARDED_AVAILABILITY = YES_AGGRESSIVE;
				CLANG_WARN_UNREACHABLE_CODE = YES;
				CLANG_WARN__DUPLICATE_METHOD_MATCH = YES;
				COPY_PHASE_STRIP = NO;
				DEBUG_INFORMATION_FORMAT = "dwarf-with-dsym";
				ENABLE_NS_ASSERTIONS = NO;
				ENABLE_STRICT_OBJC_MSGSEND = YES;
				GCC_C_LANGUAGE_STANDARD = gnu11;
				GCC_NO_COMMON_BLOCKS = YES;
				GCC_WARN_64_TO_32_BIT_CONVERSION = YES;
				GCC_WARN_ABOUT_RETURN_TYPE = YES_ERROR;
				GCC_WARN_UNDECLARED_SELECTOR = YES;
				GCC_WARN_UNINITIALIZED_AUTOS = YES_AGGRESSIVE;
				GCC_WARN_UNUSED_FUNCTION = YES;
				GCC_WARN_UNUSED_VARIABLE = YES;
				IPHONEOS_DEPLOYMENT_TARGET = 13.5;
				MTL_ENABLE_DEBUG_INFO = NO;
				MTL_FAST_MATH = YES;
				SDKROOT = iphoneos;
				VALIDATE_PRODUCT = YES;
			};
			name = Release;
		};
		2B0592DE24814462006F0B3D /* Debug */ = {
			isa = XCBuildConfiguration;
			baseConfigurationReference = 6F7E438E7A9C82276CBD6A51 /* Pods-CollectionViewDemo.debug.xcconfig */;
			buildSettings = {
				ASSETCATALOG_COMPILER_APPICON_NAME = AppIcon;
				CODE_SIGN_STYLE = Automatic;
				DEVELOPMENT_TEAM = X7H627GN53;
				FRAMEWORK_SEARCH_PATHS = "/Users/bytedance/Workspace/Doing/XLNewTechDemo/**";
				HEADER_SEARCH_PATHS = (
					"/Users/bytedance/Workspace/Doing/XLNewTechDemo/**",
					"$(inherited)",
					"\"${PODS_ROOT}/Headers/Public\"",
					"\"${PODS_ROOT}/Headers/Public/IQKeyboardManager\"",
					"\"${PODS_ROOT}/Headers/Public/Masonry\"",
					"\"${PODS_ROOT}/Headers/Public/UXAPM\"",
				);
				INFOPLIST_FILE = CollectionViewDemo/Info.plist;
				IPHONEOS_DEPLOYMENT_TARGET = 10.0;
				LD_RUNPATH_SEARCH_PATHS = (
					"$(inherited)",
					"@executable_path/Frameworks",
				);
				PRODUCT_BUNDLE_IDENTIFIER = com.bytedance.collectionViewDemo;
				PRODUCT_NAME = "$(TARGET_NAME)";
				TARGETED_DEVICE_FAMILY = "1,2";
			};
			name = Debug;
		};
		2B0592DF24814462006F0B3D /* Release */ = {
			isa = XCBuildConfiguration;
			baseConfigurationReference = 9745E688CDA27F5166F8671C /* Pods-CollectionViewDemo.release.xcconfig */;
			buildSettings = {
				ASSETCATALOG_COMPILER_APPICON_NAME = AppIcon;
				CODE_SIGN_STYLE = Automatic;
				DEVELOPMENT_TEAM = X7H627GN53;
				FRAMEWORK_SEARCH_PATHS = "/Users/bytedance/Workspace/Doing/XLNewTechDemo/**";
				HEADER_SEARCH_PATHS = (
					"/Users/bytedance/Workspace/Doing/XLNewTechDemo/**",
					"$(inherited)",
					"\"${PODS_ROOT}/Headers/Public\"",
					"\"${PODS_ROOT}/Headers/Public/IQKeyboardManager\"",
					"\"${PODS_ROOT}/Headers/Public/Masonry\"",
					"\"${PODS_ROOT}/Headers/Public/UXAPM\"",
				);
				INFOPLIST_FILE = CollectionViewDemo/Info.plist;
				IPHONEOS_DEPLOYMENT_TARGET = 10.0;
				LD_RUNPATH_SEARCH_PATHS = (
					"$(inherited)",
					"@executable_path/Frameworks",
				);
				PRODUCT_BUNDLE_IDENTIFIER = com.bytedance.collectionViewDemo;
				PRODUCT_NAME = "$(TARGET_NAME)";
				TARGETED_DEVICE_FAMILY = "1,2";
			};
			name = Release;
		};
/* End XCBuildConfiguration section */

/* Begin XCConfigurationList section */
		2B0592BF2481445E006F0B3D /* Build configuration list for PBXProject "CollectionViewDemo" */ = {
			isa = XCConfigurationList;
			buildConfigurations = (
				2B0592DB24814462006F0B3D /* Debug */,
				2B0592DC24814462006F0B3D /* Release */,
			);
			defaultConfigurationIsVisible = 0;
			defaultConfigurationName = Release;
		};
		2B0592DD24814462006F0B3D /* Build configuration list for PBXNativeTarget "CollectionViewDemo" */ = {
			isa = XCConfigurationList;
			buildConfigurations = (
				2B0592DE24814462006F0B3D /* Debug */,
				2B0592DF24814462006F0B3D /* Release */,
			);
			defaultConfigurationIsVisible = 0;
			defaultConfigurationName = Release;
		};
/* End XCConfigurationList section */
	};
	rootObject = 2B0592BC2481445E006F0B3D /* Project object */;
}
